
Microsoft Visual Studio Solution File, Format Version 12.00
# Visual Studio Version 17
VisualStudioVersion = 17.10.35013.160
MinimumVisualStudioVersion = 10.0.40219.1
Project("{2150E333-8FDC-42A3-9474-1A3956D46DE8}") = "001_Core", "001_Core", "{1AD8F937-59E5-4B0E-94EB-6B8E2722A727}"
EndProject
Project("{2150E333-8FDC-42A3-9474-1A3956D46DE8}") = "101_Ingest", "101_Ingest", "{8D84F6E6-0D28-47EF-8BCF-4174F10ED0E0}"
EndProject
Project("{9A19103F-16F7-4668-BE54-9A1E7A4F7556}") = "CrashElla.Core", "src\CrashElla.Core\CrashElla.Core.csproj", "{5B3AD985-4E96-434D-809D-191465AC99F2}"
EndProject
Project("{9A19103F-16F7-4668-BE54-9A1E7A4F7556}") = "CrashElla.Ingest.Http.Seq", "src\CrashElla.Ingest.Http.Seq\CrashElla.Ingest.Http.Seq.csproj", "{5C2000B0-D665-497B-A4A9-83789F39A955}"
EndProject
Project("{2150E333-8FDC-42A3-9474-1A3956D46DE8}") = "201_Catchers", "201_Catchers", "{FB6471BE-75F3-414E-9438-F851835C050B}"
EndProject
Project("{9A19103F-16F7-4668-BE54-9A1E7A4F7556}") = "CrashElla.Framework.Maui", "src\CrashElla.Framework.Maui\CrashElla.Framework.Maui.csproj", "{3B3AA6A1-4E49-4552-B504-C2E3C33C4CB7}"
EndProject
Project("{2150E333-8FDC-42A3-9474-1A3956D46DE8}") = "000_Infra", "000_Infra", "{AB2D0E73-A2F3-452B-AC97-202BFCCCEAFD}"
	ProjectSection(SolutionItems) = preProject
		README.md = README.md
		.github\workflows\release.yml = .github\workflows\release.yml
	EndProjectSection
EndProject
Global
	GlobalSection(SolutionConfigurationPlatforms) = preSolution
		Debug|Any CPU = Debug|Any CPU
		Release|Any CPU = Release|Any CPU
	EndGlobalSection
	GlobalSection(ProjectConfigurationPlatforms) = postSolution
		{5B3AD985-4E96-434D-809D-191465AC99F2}.Debug|Any CPU.ActiveCfg = Debug|Any CPU
		{5B3AD985-4E96-434D-809D-191465AC99F2}.Debug|Any CPU.Build.0 = Debug|Any CPU
		{5B3AD985-4E96-434D-809D-191465AC99F2}.Release|Any CPU.ActiveCfg = Release|Any CPU
		{5B3AD985-4E96-434D-809D-191465AC99F2}.Release|Any CPU.Build.0 = Release|Any CPU
		{5C2000B0-D665-497B-A4A9-83789F39A955}.Debug|Any CPU.ActiveCfg = Debug|Any CPU
		{5C2000B0-D665-497B-A4A9-83789F39A955}.Debug|Any CPU.Build.0 = Debug|Any CPU
		{5C2000B0-D665-497B-A4A9-83789F39A955}.Release|Any CPU.ActiveCfg = Release|Any CPU
		{5C2000B0-D665-497B-A4A9-83789F39A955}.Release|Any CPU.Build.0 = Release|Any CPU
		{3B3AA6A1-4E49-4552-B504-C2E3C33C4CB7}.Debug|Any CPU.ActiveCfg = Debug|Any CPU
		{3B3AA6A1-4E49-4552-B504-C2E3C33C4CB7}.Debug|Any CPU.Build.0 = Debug|Any CPU
		{3B3AA6A1-4E49-4552-B504-C2E3C33C4CB7}.Release|Any CPU.ActiveCfg = Release|Any CPU
		{3B3AA6A1-4E49-4552-B504-C2E3C33C4CB7}.Release|Any CPU.Build.0 = Release|Any CPU
	EndGlobalSection
	GlobalSection(SolutionProperties) = preSolution
		HideSolutionNode = FALSE
	EndGlobalSection
	GlobalSection(NestedProjects) = preSolution
		{5B3AD985-4E96-434D-809D-191465AC99F2} = {1AD8F937-59E5-4B0E-94EB-6B8E2722A727}
		{5C2000B0-D665-497B-A4A9-83789F39A955} = {8D84F6E6-0D28-47EF-8BCF-4174F10ED0E0}
		{3B3AA6A1-4E49-4552-B504-C2E3C33C4CB7} = {FB6471BE-75F3-414E-9438-F851835C050B}
	EndGlobalSection
	GlobalSection(ExtensibilityGlobals) = postSolution
		SolutionGuid = {4BF7A724-DBDB-4AE4-82FC-FBD944BD1D9C}
	EndGlobalSection
EndGlobal
